Microsoft Visual Studio Solution File, Format Version 12.00
# Visual Studio Version 17
VisualStudioVersion = 17.5.2.0
MinimumVisualStudioVersion = 10.0.40219.1
Project("{FAE04EC0-301F-11D3-BF4B-00C04F79EFBC}") = "BuildingCommissioningAPI", "BuildingCommissioningAPI.csproj", "{8B4629D5-7E0F-AD23-0F77-862330920D11}"
EndProject
Global
	GlobalSection(SolutionConfigurationPlatforms) = preSolution
		Debug|Any CPU = Debug|Any CPU
		Release|Any CPU = Release|Any CPU
	EndGlobalSection
	GlobalSection(ProjectConfigurationPlatforms) = postSolution
		{8B4629D5-7E0F-AD23-0F77-862330920D11}.Debug|Any CPU.ActiveCfg = Debug|Any CPU
		{8B4629D5-7E0F-AD23-0F77-862330920D11}.Debug|Any CPU.Build.0 = Debug|Any CPU
		{8B4629D5-7E0F-AD23-0F77-862330920D11}.Release|Any CPU.ActiveCfg = Release|Any CPU
		{8B4629D5-7E0F-AD23-0F77-862330920D11}.Release|Any CPU.Build.0 = Release|Any CPU
	EndGlobalSection
	GlobalSection(SolutionProperties) = preSolution
		HideSolutionNode = FALSE
	EndGlobalSection
	GlobalSection(ExtensibilityGlobals) = postSolution
		SolutionGuid = {251D91E5-6AC6-4853-8830-2D574DE54A3A}
	EndGlobalSection
EndGlobal
